
Microsoft Visual Studio Solution File, Format Version 12.00
# Visual Studio Version 16
VisualStudioVersion = 16.0.29215.179
MinimumVisualStudioVersion = 10.0.40219.1
Project("{FAE04EC0-301F-11D3-BF4B-00C04F79EFBC}") = "MathCore.DSP", "MathCore.DSP\MathCore.DSP.csproj", "{AFCB9EC8-33F6-4E5C-92FE-27783C25C479}"
EndProject
Project("{2150E333-8FDC-42A3-9474-1A3956D46DE8}") = "Service", "Service", "{7614AEFF-6757-4F85-86E2-43E2B8280D8C}"
	ProjectSection(SolutionItems) = preProject
		..\BuildAndPublish.bat = ..\BuildAndPublish.bat
		..\BuildAndTest.bat = ..\BuildAndTest.bat
		..\BuildRelease.bat = ..\BuildRelease.bat
		..\license.txt = ..\license.txt
	EndProjectSection
EndProject
Global
	GlobalSection(SolutionConfigurationPlatforms) = preSolution
		Debug|Any CPU = Debug|Any CPU
		Release|Any CPU = Release|Any CPU
	EndGlobalSection
	GlobalSection(ProjectConfigurationPlatforms) = postSolution
		{AFCB9EC8-33F6-4E5C-92FE-27783C25C479}.Debug|Any CPU.ActiveCfg = Debug|Any CPU
		{AFCB9EC8-33F6-4E5C-92FE-27783C25C479}.Debug|Any CPU.Build.0 = Debug|Any CPU
		{AFCB9EC8-33F6-4E5C-92FE-27783C25C479}.Release|Any CPU.ActiveCfg = Release|Any CPU
		{AFCB9EC8-33F6-4E5C-92FE-27783C25C479}.Release|Any CPU.Build.0 = Release|Any CPU
	EndGlobalSection
	GlobalSection(SolutionProperties) = preSolution
		HideSolutionNode = FALSE
	EndGlobalSection
	GlobalSection(ExtensibilityGlobals) = postSolution
		SolutionGuid = {6BE66C71-515C-48D4-B800-5F3E6CF13654}
	EndGlobalSection
EndGlobal
