
Microsoft Visual Studio Solution File, Format Version 12.00
# Visual Studio Version 16
VisualStudioVersion = 16.0.29215.179
MinimumVisualStudioVersion = 10.0.40219.1
Project("{9A19103F-16F7-4668-BE54-9A1E7A4F7556}") = "MathCore.DSP", "MathCore.DSP\MathCore.DSP.csproj", "{AFCB9EC8-33F6-4E5C-92FE-27783C25C479}"
EndProject
Project("{2150E333-8FDC-42A3-9474-1A3956D46DE8}") = "Service", "Service", "{7614AEFF-6757-4F85-86E2-43E2B8280D8C}"
	ProjectSection(SolutionItems) = preProject
		..\BuildAndPublish.bat = ..\BuildAndPublish.bat
		..\BuildAndTest.bat = ..\BuildAndTest.bat
		..\BuildRelease.bat = ..\BuildRelease.bat
		license.txt = license.txt
	EndProjectSection
EndProject
Project("{2150E333-8FDC-42A3-9474-1A3956D46DE8}") = "Tests", "Tests", "{C1AA67F3-31C6-4C42-884D-BBC39CBD555E}"
EndProject
Project("{9A19103F-16F7-4668-BE54-9A1E7A4F7556}") = "ConsoleTest", "Tests\ConsoleTest\ConsoleTest.csproj", "{9E507C80-64A5-49F2-9B58-0833908A10EB}"
EndProject
Project("{9A19103F-16F7-4668-BE54-9A1E7A4F7556}") = "MathCore.DSP.Tests", "Tests\MathCore.DSP.Tests\MathCore.DSP.Tests.csproj", "{B92826FA-3130-431E-953C-5A6E9F3489D3}"
EndProject
Global
	GlobalSection(SolutionConfigurationPlatforms) = preSolution
		Debug|Any CPU = Debug|Any CPU
		Release|Any CPU = Release|Any CPU
	EndGlobalSection
	GlobalSection(ProjectConfigurationPlatforms) = postSolution
		{AFCB9EC8-33F6-4E5C-92FE-27783C25C479}.Debug|Any CPU.ActiveCfg = Debug|Any CPU
		{AFCB9EC8-33F6-4E5C-92FE-27783C25C479}.Debug|Any CPU.Build.0 = Debug|Any CPU
		{AFCB9EC8-33F6-4E5C-92FE-27783C25C479}.Release|Any CPU.ActiveCfg = Release|Any CPU
		{AFCB9EC8-33F6-4E5C-92FE-27783C25C479}.Release|Any CPU.Build.0 = Release|Any CPU
		{9E507C80-64A5-49F2-9B58-0833908A10EB}.Debug|Any CPU.ActiveCfg = Debug|Any CPU
		{9E507C80-64A5-49F2-9B58-0833908A10EB}.Debug|Any CPU.Build.0 = Debug|Any CPU
		{9E507C80-64A5-49F2-9B58-0833908A10EB}.Release|Any CPU.ActiveCfg = Release|Any CPU
		{9E507C80-64A5-49F2-9B58-0833908A10EB}.Release|Any CPU.Build.0 = Release|Any CPU
		{B92826FA-3130-431E-953C-5A6E9F3489D3}.Debug|Any CPU.ActiveCfg = Debug|Any CPU
		{B92826FA-3130-431E-953C-5A6E9F3489D3}.Debug|Any CPU.Build.0 = Debug|Any CPU
		{B92826FA-3130-431E-953C-5A6E9F3489D3}.Release|Any CPU.ActiveCfg = Release|Any CPU
		{B92826FA-3130-431E-953C-5A6E9F3489D3}.Release|Any CPU.Build.0 = Release|Any CPU
	EndGlobalSection
	GlobalSection(SolutionProperties) = preSolution
		HideSolutionNode = FALSE
	EndGlobalSection
	GlobalSection(NestedProjects) = preSolution
		{9E507C80-64A5-49F2-9B58-0833908A10EB} = {C1AA67F3-31C6-4C42-884D-BBC39CBD555E}
		{B92826FA-3130-431E-953C-5A6E9F3489D3} = {C1AA67F3-31C6-4C42-884D-BBC39CBD555E}
	EndGlobalSection
	GlobalSection(ExtensibilityGlobals) = postSolution
		SolutionGuid = {6BE66C71-515C-48D4-B800-5F3E6CF13654}
	EndGlobalSection
EndGlobal
